<?xml version="1.0" encoding="utf-8"?>
<Project ToolsVersion="4.0" xmlns="http://schemas.microsoft.com/developer/msbuild/2003">
  <ItemGroup>
    <Filter Include="源文件">
      <UniqueIdentifier>{4FC737F1-C7A5-4376-A066-2A32D752A2FF}</UniqueIdentifier>
      <Extensions>cpp;c;cc;cxx;def;odl;idl;hpj;bat;asm;asmx</Extensions>
    </Filter>
    <Filter Include="头文件">
      <UniqueIdentifier>{93995380-89BD-4b04-88EB-625FBE52EBFB}</UniqueIdentifier>
      <Extensions>h;hh;hpp;hxx;hm;inl;inc;xsd</Extensions>
    </Filter>
    <Filter Include="资源文件">
      <UniqueIdentifier>{67DA6AB6-F800-4c08-8B7A-83BB121AAD01}</UniqueIdentifier>
      <Extensions>rc;ico;cur;bmp;dlg;rc2;rct;bin;rgs;gif;jpg;jpeg;jpe;resx;tiff;tif;png;wav;mfcribbon-ms</Extensions>
    </Filter>
    <Filter Include="ini">
      <UniqueIdentifier>{ea9a6da6-c7cf-4adf-adb7-ef948d07eb13}</UniqueIdentifier>
    </Filter>
    <Filter Include="led">
      <UniqueIdentifier>{8306d058-2287-40b8-a11e-b328d4cfc1f9}</UniqueIdentifier>
    </Filter>
  </ItemGroup>
  <ItemGroup>
    <Text Include="ReadMe.txt" />
  </ItemGroup>
  <ItemGroup>
    <ClInclude Include="Pelco_Server.h">
      <Filter>头文件</Filter>
    </ClInclude>
    <ClInclude Include="Pelco_ServerDlg.h">
      <Filter>头文件</Filter>
    </ClInclude>
    <ClInclude Include="stdafx.h">
      <Filter>头文件</Filter>
    </ClInclude>
    <ClInclude Include="targetver.h">
      <Filter>头文件</Filter>
    </ClInclude>
    <ClInclude Include="Resource.h">
      <Filter>头文件</Filter>
    </ClInclude>
    <ClInclude Include="Logger.h">
      <Filter>头文件</Filter>
    </ClInclude>
    <ClInclude Include="ping.h">
      <Filter>头文件</Filter>
    </ClInclude>
    <ClInclude Include="ini.h">
      <Filter>ini</Filter>
    </ClInclude>
    <ClInclude Include="ColorButton.h">
      <Filter>led</Filter>
    </ClInclude>
    <ClInclude Include="hezhong.h">
      <Filter>led</Filter>
    </ClInclude>
    <ClInclude Include="DynamicLED.h">
      <Filter>头文件</Filter>
    </ClInclude>
    <ClInclude Include="HandleTrack.h">
      <Filter>头文件</Filter>
    </ClInclude>
    <ClInclude Include="Point3D.h">
      <Filter>头文件</Filter>
    </ClInclude>
    <ClInclude Include="MatrixStatic.h">
      <Filter>头文件</Filter>
    </ClInclude>
    <ClInclude Include="MemDC.h">
      <Filter>头文件</Filter>
    </ClInclude>
    <ClInclude Include="soapH.h">
      <Filter>头文件</Filter>
    </ClInclude>
    <ClInclude Include="soapStub.h">
      <Filter>头文件</Filter>
    </ClInclude>
    <ClInclude Include="stdsoap2.h">
      <Filter>头文件</Filter>
    </ClInclude>
    <ClInclude Include="dhnetsdk.h">
      <Filter>头文件</Filter>
    </ClInclude>
  </ItemGroup>
  <ItemGroup>
    <ClCompile Include="Pelco_Server.cpp">
      <Filter>源文件</Filter>
    </ClCompile>
    <ClCompile Include="Pelco_ServerDlg.cpp">
      <Filter>源文件</Filter>
    </ClCompile>
    <ClCompile Include="stdafx.cpp">
      <Filter>源文件</Filter>
    </ClCompile>
    <ClCompile Include="Logger.cpp">
      <Filter>源文件</Filter>
    </ClCompile>
    <ClCompile Include="ping.cpp">
      <Filter>源文件</Filter>
    </ClCompile>
    <ClCompile Include="ini.cpp">
      <Filter>ini</Filter>
    </ClCompile>
    <ClCompile Include="ColorButton.cpp">
      <Filter>led</Filter>
    </ClCompile>
    <ClCompile Include="hezhong.cpp">
      <Filter>led</Filter>
    </ClCompile>
    <ClCompile Include="DynamicLED.cpp">
      <Filter>源文件</Filter>
    </ClCompile>
    <ClCompile Include="HandleTrack.cpp">
      <Filter>源文件</Filter>
    </ClCompile>
    <ClCompile Include="MatrixStatic.cpp">
      <Filter>源文件</Filter>
    </ClCompile>
    <ClCompile Include="soapClient.cpp">
      <Filter>源文件</Filter>
    </ClCompile>
    <ClCompile Include="stdsoap2.cpp">
      <Filter>源文件</Filter>
    </ClCompile>
    <ClCompile Include="soapC.cpp">
      <Filter>源文件</Filter>
    </ClCompile>
  </ItemGroup>
  <ItemGroup>
    <ResourceCompile Include="Pelco_Server.rc">
      <Filter>资源文件</Filter>
    </ResourceCompile>
  </ItemGroup>
  <ItemGroup>
    <None Include="res\Pelco_Server.rc2">
      <Filter>资源文件</Filter>
    </None>
    <None Include="ClassDiagram.cd" />
    <None Include="mainserviceSoap11Binding.nsmap" />
  </ItemGroup>
  <ItemGroup>
    <Image Include="res\Pelco_Server.ico">
      <Filter>资源文件</Filter>
    </Image>
    <Image Include="res\bitmap1.bmp">
      <Filter>资源文件</Filter>
    </Image>
    <Image Include="matrixsetblue.bmp">
      <Filter>资源文件</Filter>
    </Image>
    <Image Include="matrixsetsmallblue.bmp">
      <Filter>资源文件</Filter>
    </Image>
    <Image Include="matrixsettinyblue.bmp">
      <Filter>资源文件</Filter>
    </Image>
  </ItemGroup>
</Project>